{
  "name": "elven-tools-snapshots-intersection",
  "version": "0.0.1",
  "lockfileVersion": 2,
  "requires": true,
  "packages": {
    "": {
      "name": "elven-tools-snapshots-intersection",
      "version": "0.0.1",
      "license": "MIT",
      "dependencies": {
        "lodash.intersection": "^4.4.0"
      }
    },
    "node_modules/lodash.intersection": {
      "version": "4.4.0",
      "resolved": "https://registry.npmjs.org/lodash.intersection/-/lodash.intersection-4.4.0.tgz",
      "integrity": "sha512-N+L0cCfnqMv6mxXtSPeKt+IavbOBBSiAEkKyLasZ8BVcP9YXQgxLO12oPR8OyURwKV8l5vJKiE1M8aS70heuMg=="
    }
  },
  "dependencies": {
    "lodash.intersection": {
      "version": "4.4.0",
      "resolved": "https://registry.npmjs.org/lodash.intersection/-/lodash.intersection-4.4.0.tgz",
      "integrity": "sha512-N+L0cCfnqMv6mxXtSPeKt+IavbOBBSiAEkKyLasZ8BVcP9YXQgxLO12oPR8OyURwKV8l5vJKiE1M8aS70heuMg=="
    }
  }
}
